
Microsoft Visual Studio Solution File, Format Version 12.00
# Visual Studio 15
VisualStudioVersion = 15.0.27130.2024
MinimumVisualStudioVersion = 10.0.40219.1
Project("{FAE04EC0-301F-11D3-BF4B-00C04F79EFBC}") = "Task2_Composite", "Task2_Composite\Task2_Composite.csproj", "{8DBBC8AE-50D7-4239-A51A-CC50E753847D}"
EndProject
Global
	GlobalSection(SolutionConfigurationPlatforms) = preSolution
		Debug|Any CPU = Debug|Any CPU
		Release|Any CPU = Release|Any CPU
	EndGlobalSection
	GlobalSection(ProjectConfigurationPlatforms) = postSolution
		{8DBBC8AE-50D7-4239-A51A-CC50E753847D}.Debug|Any CPU.ActiveCfg = Debug|Any CPU
		{8DBBC8AE-50D7-4239-A51A-CC50E753847D}.Debug|Any CPU.Build.0 = Debug|Any CPU
		{8DBBC8AE-50D7-4239-A51A-CC50E753847D}.Release|Any CPU.ActiveCfg = Release|Any CPU
		{8DBBC8AE-50D7-4239-A51A-CC50E753847D}.Release|Any CPU.Build.0 = Release|Any CPU
	EndGlobalSection
	GlobalSection(SolutionProperties) = preSolution
		HideSolutionNode = FALSE
	EndGlobalSection
	GlobalSection(ExtensibilityGlobals) = postSolution
		SolutionGuid = {FAE589A6-3831-443C-B8EF-37CDA10DAB9C}
	EndGlobalSection
EndGlobal
