
Microsoft Visual Studio Solution File, Format Version 12.00
# Visual Studio 15
VisualStudioVersion = 15.0.27130.2024
MinimumVisualStudioVersion = 10.0.40219.1
Project("{FAE04EC0-301F-11D3-BF4B-00C04F79EFBC}") = "ExamPatternsTaks", "ExamPatternsTaks\ExamPatternsTaks.csproj", "{A5AC26EF-0DF1-4783-80CC-AB1D714B6077}"
EndProject
Project("{FAE04EC0-301F-11D3-BF4B-00C04F79EFBC}") = "Services", "Services\Services.csproj", "{1D5859CF-3FA5-4C93-B81F-533CE929187B}"
EndProject
Project("{FAE04EC0-301F-11D3-BF4B-00C04F79EFBC}") = "ExamAbstractFactory", "ExamAbstractFactory\ExamAbstractFactory.csproj", "{7A75D3B3-C9AB-40EB-9821-811D31CED5CD}"
EndProject
Global
	GlobalSection(SolutionConfigurationPlatforms) = preSolution
		Debug|Any CPU = Debug|Any CPU
		Release|Any CPU = Release|Any CPU
	EndGlobalSection
	GlobalSection(ProjectConfigurationPlatforms) = postSolution
		{A5AC26EF-0DF1-4783-80CC-AB1D714B6077}.Debug|Any CPU.ActiveCfg = Debug|Any CPU
		{A5AC26EF-0DF1-4783-80CC-AB1D714B6077}.Debug|Any CPU.Build.0 = Debug|Any CPU
		{A5AC26EF-0DF1-4783-80CC-AB1D714B6077}.Release|Any CPU.ActiveCfg = Release|Any CPU
		{A5AC26EF-0DF1-4783-80CC-AB1D714B6077}.Release|Any CPU.Build.0 = Release|Any CPU
		{1D5859CF-3FA5-4C93-B81F-533CE929187B}.Debug|Any CPU.ActiveCfg = Debug|Any CPU
		{1D5859CF-3FA5-4C93-B81F-533CE929187B}.Debug|Any CPU.Build.0 = Debug|Any CPU
		{1D5859CF-3FA5-4C93-B81F-533CE929187B}.Release|Any CPU.ActiveCfg = Release|Any CPU
		{1D5859CF-3FA5-4C93-B81F-533CE929187B}.Release|Any CPU.Build.0 = Release|Any CPU
		{7A75D3B3-C9AB-40EB-9821-811D31CED5CD}.Debug|Any CPU.ActiveCfg = Debug|Any CPU
		{7A75D3B3-C9AB-40EB-9821-811D31CED5CD}.Debug|Any CPU.Build.0 = Debug|Any CPU
		{7A75D3B3-C9AB-40EB-9821-811D31CED5CD}.Release|Any CPU.ActiveCfg = Release|Any CPU
		{7A75D3B3-C9AB-40EB-9821-811D31CED5CD}.Release|Any CPU.Build.0 = Release|Any CPU
	EndGlobalSection
	GlobalSection(SolutionProperties) = preSolution
		HideSolutionNode = FALSE
	EndGlobalSection
	GlobalSection(ExtensibilityGlobals) = postSolution
		SolutionGuid = {96A8B7B9-8BA3-4706-B75D-C7F0B4ED9BD9}
	EndGlobalSection
EndGlobal
